
Microsoft Visual Studio Solution File, Format Version 12.00
# Visual Studio Version 16
VisualStudioVersion = 16.0.29519.181
MinimumVisualStudioVersion = 10.0.40219.1
Project("{9A19103F-16F7-4668-BE54-9A1E7A4F7556}") = "project", "project.csproj", "{910180E7-5A90-46CB-95FC-CFB83FE672FB}"
EndProject
Global
	GlobalSection(SolutionConfigurationPlatforms) = preSolution
		Debug|Any CPU = Debug|Any CPU
		Release|Any CPU = Release|Any CPU
	EndGlobalSection
	GlobalSection(ProjectConfigurationPlatforms) = postSolution
		{910180E7-5A90-46CB-95FC-CFB83FE672FB}.Debug|Any CPU.ActiveCfg = Debug|Any CPU
		{910180E7-5A90-46CB-95FC-CFB83FE672FB}.Debug|Any CPU.Build.0 = Debug|Any CPU
		{910180E7-5A90-46CB-95FC-CFB83FE672FB}.Release|Any CPU.ActiveCfg = Release|Any CPU
		{910180E7-5A90-46CB-95FC-CFB83FE672FB}.Release|Any CPU.Build.0 = Release|Any CPU
	EndGlobalSection
	GlobalSection(SolutionProperties) = preSolution
		HideSolutionNode = FALSE
	EndGlobalSection
	GlobalSection(ExtensibilityGlobals) = postSolution
		SolutionGuid = {DC542C96-9A7D-4557-89E8-6BD1A844F32D}
	EndGlobalSection
EndGlobal
